
Microsoft Visual Studio Solution File, Format Version 12.00
# Visual Studio Version 17
VisualStudioVersion = 17.3.32922.545
MinimumVisualStudioVersion = 10.0.40219.1
Project("{FAE04EC0-301F-11D3-BF4B-00C04F79EFBC}") = "Nemam Pojma vise", "Nemam Pojma vise.csproj", "{FC67591E-B584-4CA6-B66C-F50A0C1F5524}"
EndProject
Global
	GlobalSection(SolutionConfigurationPlatforms) = preSolution
		Debug|Any CPU = Debug|Any CPU
		Release|Any CPU = Release|Any CPU
	EndGlobalSection
	GlobalSection(ProjectConfigurationPlatforms) = postSolution
		{FC67591E-B584-4CA6-B66C-F50A0C1F5524}.Debug|Any CPU.ActiveCfg = Debug|Any CPU
		{FC67591E-B584-4CA6-B66C-F50A0C1F5524}.Debug|Any CPU.Build.0 = Debug|Any CPU
		{FC67591E-B584-4CA6-B66C-F50A0C1F5524}.Release|Any CPU.ActiveCfg = Release|Any CPU
		{FC67591E-B584-4CA6-B66C-F50A0C1F5524}.Release|Any CPU.Build.0 = Release|Any CPU
	EndGlobalSection
	GlobalSection(SolutionProperties) = preSolution
		HideSolutionNode = FALSE
	EndGlobalSection
	GlobalSection(ExtensibilityGlobals) = postSolution
		SolutionGuid = {9CF38B5E-9CD1-45C2-81AA-C57A40DB798D}
	EndGlobalSection
EndGlobal
